lockfileVersion: '9.0'

settings:
  autoInstallPeers: true
  excludeLinksFromLockfile: false

importers:

  .:
    dependencies:
      auth0:
        specifier: ^4.8
        version: 4.9.0

  packages/subscriptions:
    dependencies:
      auth0:
        specifier: ^4.8.0
        version: 4.8.0
      axios:
        specifier: ^0.24.0
        version: 0.24.0

packages:

  auth0@4.8.0:
    resolution: {integrity: sha512-FtHGzIgvnEY0ibyDo3wLa6kzcaqyl3rjRYOhdk2ZlJGLydFV7N2bvOGR7LE2cIsoqoS+vUMqSmu1dcuQqiDYBg==}
    engines: {node: '>=18'}

  auth0@4.9.0:
    resolution: {integrity: sha512-5Kwu3qob0unm7Nk1gpiUwWBFvkqzJjZRlRNLCHcAkdwsBa52YsE7RyN8KsNns8dv6uyTIT4hZnbMEnHd7PnXZQ==}
    engines: {node: '>=18'}

  axios@0.24.0:
    resolution: {integrity: sha512-Q6cWsys88HoPgAaFAVUb0WpPk0O8iTeisR9IMqy9G8AbO4NlpVknrnQS03zzF9PGAWgO3cgletO3VjV/P7VztA==}

  follow-redirects@1.15.6:
    resolution: {integrity: sha512-wWN62YITEaOpSK584EZXJafH1AGpO8RVgElfkuXbTOrPX4fIfOyEpW/CsiNd8JdYrAoOvafRTOEnvsO++qCqFA==}
    engines: {node: '>=4.0'}
    peerDependencies:
      debug: '*'
    peerDependenciesMeta:
      debug:
        optional: true

  jose@4.15.9:
    resolution: {integrity: sha512-1vUQX+IdDMVPj4k8kOxgUqlcK518yluMuGZwqlr44FS1ppZB/5GWh4rZG89erpOBOJjU/OBsnCVFfapsRz6nEA==}

  undici-types@6.19.6:
    resolution: {integrity: sha512-e/vggGopEfTKSvj4ihnOLTsqhrKRN3LeO6qSN/GxohhuRv8qH9bNQ4B8W7e/vFL+0XTnmHPB4/kegunZGA4Org==}

  uuid@9.0.1:
    resolution: {integrity: sha512-b+1eJOlsR9K8HJpow9Ok3fiWOWSIcIzXodvv0rQjVoOVNpWMpxf1wZNpt4y9h10odCNrqnYp1OBzRktckBe3sA==}
    hasBin: true

snapshots:

  auth0@4.8.0:
    dependencies:
      jose: 4.15.9
      undici-types: 6.19.6
      uuid: 9.0.1

  auth0@4.9.0:
    dependencies:
      jose: 4.15.9
      undici-types: 6.19.6
      uuid: 9.0.1

  axios@0.24.0:
    dependencies:
      follow-redirects: 1.15.6
    transitivePeerDependencies:
      - debug

  follow-redirects@1.15.6: {}

  jose@4.15.9: {}

  undici-types@6.19.6: {}

  uuid@9.0.1: {}
